
Microsoft Visual Studio Solution File, Format Version 12.00
# Visual Studio 15
VisualStudioVersion = 15.0.26730.16
MinimumVisualStudioVersion = 10.0.40219.1
Project("{FAE04EC0-301F-11D3-BF4B-00C04F79EFBC}") = "SearchEmployees", "SearchEmployees\SearchEmployees.csproj", "{31C29D28-14F8-4102-9975-BBD0DD0E8EB9}"
EndProject
Global
	GlobalSection(SolutionConfigurationPlatforms) = preSolution
		Debug|Any CPU = Debug|Any CPU
		Release|Any CPU = Release|Any CPU
	EndGlobalSection
	GlobalSection(ProjectConfigurationPlatforms) = postSolution
		{31C29D28-14F8-4102-9975-BBD0DD0E8EB9}.Debug|Any CPU.ActiveCfg = Debug|Any CPU
		{31C29D28-14F8-4102-9975-BBD0DD0E8EB9}.Debug|Any CPU.Build.0 = Debug|Any CPU
		{31C29D28-14F8-4102-9975-BBD0DD0E8EB9}.Release|Any CPU.ActiveCfg = Release|Any CPU
		{31C29D28-14F8-4102-9975-BBD0DD0E8EB9}.Release|Any CPU.Build.0 = Release|Any CPU
	EndGlobalSection
	GlobalSection(SolutionProperties) = preSolution
		HideSolutionNode = FALSE
	EndGlobalSection
	GlobalSection(ExtensibilityGlobals) = postSolution
		SolutionGuid = {EBF98693-07A1-4704-9FDE-B6CA3F61D529}
	EndGlobalSection
EndGlobal
